
Microsoft Visual Studio Solution File, Format Version 12.00
# Visual Studio Version 17
VisualStudioVersion = 17.9.34728.123
MinimumVisualStudioVersion = 10.0.40219.1
Project("{FAE04EC0-301F-11D3-BF4B-00C04F79EFBC}") = "CinemaMagic", "CinemaMagic\CinemaMagic.csproj", "{71669E75-EB9C-43E2-907C-70C971CF8DBF}"
EndProject
Global
	GlobalSection(SolutionConfigurationPlatforms) = preSolution
		Debug|Any CPU = Debug|Any CPU
		Release|Any CPU = Release|Any CPU
	EndGlobalSection
	GlobalSection(ProjectConfigurationPlatforms) = postSolution
		{71669E75-EB9C-43E2-907C-70C971CF8DBF}.Debug|Any CPU.ActiveCfg = Debug|Any CPU
		{71669E75-EB9C-43E2-907C-70C971CF8DBF}.Debug|Any CPU.Build.0 = Debug|Any CPU
		{71669E75-EB9C-43E2-907C-70C971CF8DBF}.Release|Any CPU.ActiveCfg = Release|Any CPU
		{71669E75-EB9C-43E2-907C-70C971CF8DBF}.Release|Any CPU.Build.0 = Release|Any CPU
	EndGlobalSection
	GlobalSection(SolutionProperties) = preSolution
		HideSolutionNode = FALSE
	EndGlobalSection
	GlobalSection(ExtensibilityGlobals) = postSolution
		SolutionGuid = {3649A1F5-B4F9-4065-AA79-D8797E55632D}
	EndGlobalSection
EndGlobal
